
Microsoft Visual Studio Solution File, Format Version 12.00
# Visual Studio 15
VisualStudioVersion = 15.0.28010.2048
MinimumVisualStudioVersion = 10.0.40219.1
Project("{FAE04EC0-301F-11D3-BF4B-00C04F79EFBC}") = "WinForm_Test", "WinForm_Test\WinForm_Test.csproj", "{74B8E370-4FAE-420E-88DD-9C66FB7E6043}"
EndProject
Project("{FAE04EC0-301F-11D3-BF4B-00C04F79EFBC}") = "Generics", "Generics\Generics.csproj", "{B84EF848-3B85-4551-B2EB-DD4EF13EC978}"
EndProject
Global
	GlobalSection(SolutionConfigurationPlatforms) = preSolution
		Debug|Any CPU = Debug|Any CPU
		Release|Any CPU = Release|Any CPU
	EndGlobalSection
	GlobalSection(ProjectConfigurationPlatforms) = postSolution
		{74B8E370-4FAE-420E-88DD-9C66FB7E6043}.Debug|Any CPU.ActiveCfg = Debug|Any CPU
		{74B8E370-4FAE-420E-88DD-9C66FB7E6043}.Debug|Any CPU.Build.0 = Debug|Any CPU
		{74B8E370-4FAE-420E-88DD-9C66FB7E6043}.Release|Any CPU.ActiveCfg = Release|Any CPU
		{74B8E370-4FAE-420E-88DD-9C66FB7E6043}.Release|Any CPU.Build.0 = Release|Any CPU
		{B84EF848-3B85-4551-B2EB-DD4EF13EC978}.Debug|Any CPU.ActiveCfg = Debug|Any CPU
		{B84EF848-3B85-4551-B2EB-DD4EF13EC978}.Debug|Any CPU.Build.0 = Debug|Any CPU
		{B84EF848-3B85-4551-B2EB-DD4EF13EC978}.Release|Any CPU.ActiveCfg = Release|Any CPU
		{B84EF848-3B85-4551-B2EB-DD4EF13EC978}.Release|Any CPU.Build.0 = Release|Any CPU
	EndGlobalSection
	GlobalSection(SolutionProperties) = preSolution
		HideSolutionNode = FALSE
	EndGlobalSection
	GlobalSection(ExtensibilityGlobals) = postSolution
		SolutionGuid = {DD7F6AC3-8614-4469-AC40-57DA55A71087}
	EndGlobalSection
EndGlobal
